// !$*UTF8*$!
{
	archiveVersion = 1;
	classes = {
	};
	objectVersion = 56;
	objects = {

/* Begin PBXBuildFile section */
		08789F892B58AE10004163D1 /* FirstView.swift in Sources */ = {isa = PBXBuildFile; fileRef = 08789F882B58AE10004163D1 /* FirstView.swift */; };
		08789F8B2B58AE17004163D1 /* SecondView.swift in Sources */ = {isa = PBXBuildFile; fileRef = 08789F8A2B58AE17004163D1 /* SecondView.swift */; };
		08789F8D2B58AE1C004163D1 /* ThirdView.swift in Sources */ = {isa = PBXBuildFile; fileRef = 08789F8C2B58AE1C004163D1 /* ThirdView.swift */; };
		08789F8F2B58AE23004163D1 /* RenderView.swift in Sources */ = {isa = PBXBuildFile; fileRef = 08789F8E2B58AE23004163D1 /* RenderView.swift */; };
		08789F922B58B692004163D1 /* ViewModel.swift in Sources */ = {isa = PBXBuildFile; fileRef = 08789F912B58B692004163D1 /* ViewModel.swift */; };
		08A997CA2B33E54B0014F24C /* EnvironmentObjectView.swift in Sources */ = {isa = PBXBuildFile; fileRef = 08A997C92B33E54B0014F24C /* EnvironmentObjectView.swift */; };
		08A997CC2B33FBE60014F24C /* EnvironmentViewModel.swift in Sources */ = {isa = PBXBuildFile; fileRef = 08A997CB2B33FBE60014F24C /* EnvironmentViewModel.swift */; };
		08A997D12B33FD520014F24C /* DetailView.swift in Sources */ = {isa = PBXBuildFile; fileRef = 08A997D02B33FD520014F24C /* DetailView.swift */; };
		08A997D32B33FDA70014F24C /* FinalView.swift in Sources */ = {isa = PBXBuildFile; fileRef = 08A997D22B33FDA70014F24C /* FinalView.swift */; };
		08A997D72B341CDA0014F24C /* HeaderViewGeneric.swift in Sources */ = {isa = PBXBuildFile; fileRef = 08A997D62B341CDA0014F24C /* HeaderViewGeneric.swift */; };
		08A997DA2B341DA40014F24C /* ViewBuilderView.swift in Sources */ = {isa = PBXBuildFile; fileRef = 08A997D92B341DA40014F24C /* ViewBuilderView.swift */; };
		08A997DC2B34219A0014F24C /* LocalViewBuilder.swift in Sources */ = {isa = PBXBuildFile; fileRef = 08A997DB2B34219A0014F24C /* LocalViewBuilder.swift */; };
		08A997DE2B3576700014F24C /* View + Extension.swift in Sources */ = {isa = PBXBuildFile; fileRef = 08A997DD2B3576700014F24C /* View + Extension.swift */; };
		3B51DD9A2B2205B600C757CF /* SwiftUI_StudyApp.swift in Sources */ = {isa = PBXBuildFile; fileRef = 3B51DD992B2205B600C757CF /* SwiftUI_StudyApp.swift */; };
		3B51DD9C2B2205B600C757CF /* ContentView.swift in Sources */ = {isa = PBXBuildFile; fileRef = 3B51DD9B2B2205B600C757CF /* ContentView.swift */; };
		3B51DD9E2B2205B700C757CF /* Assets.xcassets in Resources */ = {isa = PBXBuildFile; fileRef = 3B51DD9D2B2205B700C757CF /* Assets.xcassets */; };
		3B51DDA12B2205B700C757CF /* Preview Assets.xcassets in Resources */ = {isa = PBXBuildFile; fileRef = 3B51DDA02B2205B700C757CF /* Preview Assets.xcassets */; };
		3B51DDC52B2206D800C757CF /* AppStorageView.swift in Sources */ = {isa = PBXBuildFile; fileRef = 3B51DDC42B2206D800C757CF /* AppStorageView.swift */; };
		3B51DDC72B22082200C757CF /* FruitModel.swift in Sources */ = {isa = PBXBuildFile; fileRef = 3B51DDC62B22082200C757CF /* FruitModel.swift */; };
		3B51DDC92B2208EB00C757CF /* StateView.swift in Sources */ = {isa = PBXBuildFile; fileRef = 3B51DDC82B2208EB00C757CF /* StateView.swift */; };
		3B51DDCB2B2209FB00C757CF /* BindingView.swift in Sources */ = {isa = PBXBuildFile; fileRef = 3B51DDCA2B2209FB00C757CF /* BindingView.swift */; };
		3B51DDCD2B22191700C757CF /* FruitViewModel.swift in Sources */ = {isa = PBXBuildFile; fileRef = 3B51DDCC2B22191700C757CF /* FruitViewModel.swift */; };
		3B51DDCF2B221A7A00C757CF /* StateObjectView.swift in Sources */ = {isa = PBXBuildFile; fileRef = 3B51DDCE2B221A7A00C757CF /* StateObjectView.swift */; };
		3B51DDD12B2223FC00C757CF /* RandomScene.swift in Sources */ = {isa = PBXBuildFile; fileRef = 3B51DDD02B2223FC00C757CF /* RandomScene.swift */; };
		3B51DDD32B23573E00C757CF /* RealmManager.swift in Sources */ = {isa = PBXBuildFile; fileRef = 3B51DDD22B23573E00C757CF /* RealmManager.swift */; };
		3B51DDD62B23582200C757CF /* Realm in Frameworks */ = {isa = PBXBuildFile; productRef = 3B51DDD52B23582200C757CF /* Realm */; };
		3B51DDD82B23582200C757CF /* RealmSwift in Frameworks */ = {isa = PBXBuildFile; productRef = 3B51DDD72B23582200C757CF /* RealmSwift */; };
/* End PBXBuildFile section */

/* Begin PBXFileReference section */
		08789F882B58AE10004163D1 /* FirstView.swift */ = {isa = PBXFileReference; lastKnownFileType = sourcecode.swift; path = FirstView.swift; sourceTree = "<group>"; };
		08789F8A2B58AE17004163D1 /* SecondView.swift */ = {isa = PBXFileReference; lastKnownFileType = sourcecode.swift; path = SecondView.swift; sourceTree = "<group>"; };
		08789F8C2B58AE1C004163D1 /* ThirdView.swift */ = {isa = PBXFileReference; lastKnownFileType = sourcecode.swift; path = ThirdView.swift; sourceTree = "<group>"; };
		08789F8E2B58AE23004163D1 /* RenderView.swift */ = {isa = PBXFileReference; lastKnownFileType = sourcecode.swift; path = RenderView.swift; sourceTree = "<group>"; };
		08789F912B58B692004163D1 /* ViewModel.swift */ = {isa = PBXFileReference; lastKnownFileType = sourcecode.swift; path = ViewModel.swift; sourceTree = "<group>"; };
		08A997C92B33E54B0014F24C /* EnvironmentObjectView.swift */ = {isa = PBXFileReference; lastKnownFileType = sourcecode.swift; path = EnvironmentObjectView.swift; sourceTree = "<group>"; };
		08A997CB2B33FBE60014F24C /* EnvironmentViewModel.swift */ = {isa = PBXFileReference; lastKnownFileType = sourcecode.swift; path = EnvironmentViewModel.swift; sourceTree = "<group>"; };
		08A997D02B33FD520014F24C /* DetailView.swift */ = {isa = PBXFileReference; lastKnownFileType = sourcecode.swift; path = DetailView.swift; sourceTree = "<group>"; };
		08A997D22B33FDA70014F24C /* FinalView.swift */ = {isa = PBXFileReference; lastKnownFileType = sourcecode.swift; path = FinalView.swift; sourceTree = "<group>"; };
		08A997D62B341CDA0014F24C /* HeaderViewGeneric.swift */ = {isa = PBXFileReference; lastKnownFileType = sourcecode.swift; path = HeaderViewGeneric.swift; sourceTree = "<group>"; };
		08A997D92B341DA40014F24C /* ViewBuilderView.swift */ = {isa = PBXFileReference; lastKnownFileType = sourcecode.swift; path = ViewBuilderView.swift; sourceTree = "<group>"; };
		08A997DB2B34219A0014F24C /* LocalViewBuilder.swift */ = {isa = PBXFileReference; lastKnownFileType = sourcecode.swift; path = LocalViewBuilder.swift; sourceTree = "<group>"; };
		08A997DD2B3576700014F24C /* View + Extension.swift */ = {isa = PBXFileReference; lastKnownFileType = sourcecode.swift; path = "View + Extension.swift"; sourceTree = "<group>"; };
		3B51DD962B2205B600C757CF /* SwiftUI_Study.app */ = {isa = PBXFileReference; explicitFileType = wrapper.application; includeInIndex = 0; path = SwiftUI_Study.app; sourceTree = BUILT_PRODUCTS_DIR; };
		3B51DD992B2205B600C757CF /* SwiftUI_StudyApp.swift */ = {isa = PBXFileReference; lastKnownFileType = sourcecode.swift; path = SwiftUI_StudyApp.swift; sourceTree = "<group>"; };
		3B51DD9B2B2205B600C757CF /* ContentView.swift */ = {isa = PBXFileReference; lastKnownFileType = sourcecode.swift; path = ContentView.swift; sourceTree = "<group>"; };
		3B51DD9D2B2205B700C757CF /* Assets.xcassets */ = {isa = PBXFileReference; lastKnownFileType = folder.assetcatalog; path = Assets.xcassets; sourceTree = "<group>"; };
		3B51DDA02B2205B700C757CF /* Preview Assets.xcassets */ = {isa = PBXFileReference; lastKnownFileType = folder.assetcatalog; path = "Preview Assets.xcassets"; sourceTree = "<group>"; };
		3B51DDAA2B2205B800C757CF /* SwiftUI_StudyTests.swift */ = {isa = PBXFileReference; lastKnownFileType = sourcecode.swift; path = SwiftUI_StudyTests.swift; sourceTree = "<group>"; };
		3B51DDB42B2205B800C757CF /* SwiftUI_StudyUITests.swift */ = {isa = PBXFileReference; lastKnownFileType = sourcecode.swift; path = SwiftUI_StudyUITests.swift; sourceTree = "<group>"; };
		3B51DDB62B2205B800C757CF /* SwiftUI_StudyUITestsLaunchTests.swift */ = {isa = PBXFileReference; lastKnownFileType = sourcecode.swift; path = SwiftUI_StudyUITestsLaunchTests.swift; sourceTree = "<group>"; };
		3B51DDC42B2206D800C757CF /* AppStorageView.swift */ = {isa = PBXFileReference; lastKnownFileType = sourcecode.swift; path = AppStorageView.swift; sourceTree = "<group>"; };
		3B51DDC62B22082200C757CF /* FruitModel.swift */ = {isa = PBXFileReference; lastKnownFileType = sourcecode.swift; path = FruitModel.swift; sourceTree = "<group>"; };
		3B51DDC82B2208EB00C757CF /* StateView.swift */ = {isa = PBXFileReference; lastKnownFileType = sourcecode.swift; path = StateView.swift; sourceTree = "<group>"; };
		3B51DDCA2B2209FB00C757CF /* BindingView.swift */ = {isa = PBXFileReference; lastKnownFileType = sourcecode.swift; path = BindingView.swift; sourceTree = "<group>"; };
		3B51DDCC2B22191700C757CF /* FruitViewModel.swift */ = {isa = PBXFileReference; lastKnownFileType = sourcecode.swift; path = FruitViewModel.swift; sourceTree = "<group>"; };
		3B51DDCE2B221A7A00C757CF /* StateObjectView.swift */ = {isa = PBXFileReference; lastKnownFileType = sourcecode.swift; path = StateObjectView.swift; sourceTree = "<group>"; };
		3B51DDD02B2223FC00C757CF /* RandomScene.swift */ = {isa = PBXFileReference; lastKnownFileType = sourcecode.swift; path = RandomScene.swift; sourceTree = "<group>"; };
		3B51DDD22B23573E00C757CF /* RealmManager.swift */ = {isa = PBXFileReference; lastKnownFileType = sourcecode.swift; path = RealmManager.swift; sourceTree = "<group>"; };
/* End PBXFileReference section */

/* Begin PBXFrameworksBuildPhase section */
		3B51DD932B2205B600C757CF /* Frameworks */ = {
			isa = PBXFrameworksBuildPhase;
			buildActionMask = 2147483647;
			files = (
				3B51DDD82B23582200C757CF /* RealmSwift in Frameworks */,
				3B51DDD62B23582200C757CF /* Realm in Frameworks */,
			);
			runOnlyForDeploymentPostprocessing = 0;
		};
/* End PBXFrameworksBuildPhase section */

/* Begin PBXGroup section */
		08789F872B58ADF9004163D1 /* Rendering 관련 */ = {
			isa = PBXGroup;
			children = (
				08789F8E2B58AE23004163D1 /* RenderView.swift */,
				08789F882B58AE10004163D1 /* FirstView.swift */,
				08789F8A2B58AE17004163D1 /* SecondView.swift */,
				08789F8C2B58AE1C004163D1 /* ThirdView.swift */,
				08789F912B58B692004163D1 /* ViewModel.swift */,
			);
			name = "Rendering 관련";
			path = "Rendering 관련";
			sourceTree = "<group>";
		};
		08A997CD2B33FBED0014F24C /* ViewModel */ = {
			isa = PBXGroup;
			children = (
				08A997CB2B33FBE60014F24C /* EnvironmentViewModel.swift */,
				3B51DDCC2B22191700C757CF /* FruitViewModel.swift */,
			);
			path = ViewModel;
			sourceTree = "<group>";
		};
		08A997CE2B33FBFA0014F24C /* Model */ = {
			isa = PBXGroup;
			children = (
				3B51DDC62B22082200C757CF /* FruitModel.swift */,
			);
			path = Model;
			sourceTree = "<group>";
		};
		08A997CF2B33FC010014F24C /* Utility */ = {
			isa = PBXGroup;
			children = (
				08A997DD2B3576700014F24C /* View + Extension.swift */,
				3B51DDD22B23573E00C757CF /* RealmManager.swift */,
			);
			path = Utility;
			sourceTree = "<group>";
		};
		08A997D42B33FDAD0014F24C /* Environment */ = {
			isa = PBXGroup;
			children = (
				08A997C92B33E54B0014F24C /* EnvironmentObjectView.swift */,
				08A997D02B33FD520014F24C /* DetailView.swift */,
				08A997D22B33FDA70014F24C /* FinalView.swift */,
			);
			path = Environment;
			sourceTree = "<group>";
		};
		08A997D52B33FDBB0014F24C /* State + Observed */ = {
			isa = PBXGroup;
			children = (
				3B51DDD02B2223FC00C757CF /* RandomScene.swift */,
				3B51DDC82B2208EB00C757CF /* StateView.swift */,
				3B51DDCE2B221A7A00C757CF /* StateObjectView.swift */,
			);
			path = "State + Observed";
			sourceTree = "<group>";
		};
		08A997D82B341CDC0014F24C /* ViewBuilder */ = {
			isa = PBXGroup;
			children = (
				08A997D62B341CDA0014F24C /* HeaderViewGeneric.swift */,
				08A997D92B341DA40014F24C /* ViewBuilderView.swift */,
				08A997DB2B34219A0014F24C /* LocalViewBuilder.swift */,
			);
			path = ViewBuilder;
			sourceTree = "<group>";
		};
		3B51DD8D2B2205B600C757CF = {
			isa = PBXGroup;
			children = (
				3B51DD982B2205B600C757CF /* SwiftUI_Study */,
				3B51DDA92B2205B800C757CF /* SwiftUI_StudyTests */,
				3B51DDB32B2205B800C757CF /* SwiftUI_StudyUITests */,
				3B51DD972B2205B600C757CF /* Products */,
			);
			sourceTree = "<group>";
		};
		3B51DD972B2205B600C757CF /* Products */ = {
			isa = PBXGroup;
			children = (
				3B51DD962B2205B600C757CF /* SwiftUI_Study.app */,
			);
			name = Products;
			sourceTree = "<group>";
		};
		3B51DD982B2205B600C757CF /* SwiftUI_Study */ = {
			isa = PBXGroup;
			children = (
				3B51DD992B2205B600C757CF /* SwiftUI_StudyApp.swift */,
				3B51DD9B2B2205B600C757CF /* ContentView.swift */,
				3B51DDC32B2206AD00C757CF /* View */,
				08A997CE2B33FBFA0014F24C /* Model */,
				08A997CD2B33FBED0014F24C /* ViewModel */,
				08A997CF2B33FC010014F24C /* Utility */,
				3B51DD9D2B2205B700C757CF /* Assets.xcassets */,
				3B51DD9F2B2205B700C757CF /* Preview Content */,
			);
			path = SwiftUI_Study;
			sourceTree = "<group>";
		};
		3B51DD9F2B2205B700C757CF /* Preview Content */ = {
			isa = PBXGroup;
			children = (
				3B51DDA02B2205B700C757CF /* Preview Assets.xcassets */,
				3B51DDCA2B2209FB00C757CF /* BindingView.swift */,
			);
			path = "Preview Content";
			sourceTree = "<group>";
		};
		3B51DDA92B2205B800C757CF /* SwiftUI_StudyTests */ = {
			isa = PBXGroup;
			children = (
				3B51DDAA2B2205B800C757CF /* SwiftUI_StudyTests.swift */,
			);
			path = SwiftUI_StudyTests;
			sourceTree = "<group>";
		};
		3B51DDB32B2205B800C757CF /* SwiftUI_StudyUITests */ = {
			isa = PBXGroup;
			children = (
				3B51DDB42B2205B800C757CF /* SwiftUI_StudyUITests.swift */,
				3B51DDB62B2205B800C757CF /* SwiftUI_StudyUITestsLaunchTests.swift */,
			);
			path = SwiftUI_StudyUITests;
			sourceTree = "<group>";
		};
		3B51DDC32B2206AD00C757CF /* View */ = {
			isa = PBXGroup;
			children = (
				08789F872B58ADF9004163D1 /* Rendering 관련 */,
				3B51DDC42B2206D800C757CF /* AppStorageView.swift */,
				08A997D42B33FDAD0014F24C /* Environment */,
				08A997D52B33FDBB0014F24C /* State + Observed */,
				08A997D82B341CDC0014F24C /* ViewBuilder */,
			);
			path = View;
			sourceTree = "<group>";
		};
/* End PBXGroup section */

/* Begin PBXNativeTarget section */
		3B51DD952B2205B600C757CF /* SwiftUI_Study */ = {
			isa = PBXNativeTarget;
			buildConfigurationList = 3B51DDBA2B2205B800C757CF /* Build configuration list for PBXNativeTarget "SwiftUI_Study" */;
			buildPhases = (
				3B51DD922B2205B600C757CF /* Sources */,
				3B51DD932B2205B600C757CF /* Frameworks */,
				3B51DD942B2205B600C757CF /* Resources */,
			);
			buildRules = (
			);
			dependencies = (
			);
			name = SwiftUI_Study;
			packageProductDependencies = (
				3B51DDD52B23582200C757CF /* Realm */,
				3B51DDD72B23582200C757CF /* RealmSwift */,
			);
			productName = SwiftUI_Study;
			productReference = 3B51DD962B2205B600C757CF /* SwiftUI_Study.app */;
			productType = "com.apple.product-type.application";
		};
/* End PBXNativeTarget section */

/* Begin PBXProject section */
		3B51DD8E2B2205B600C757CF /* Project object */ = {
			isa = PBXProject;
			attributes = {
				BuildIndependentTargetsInParallel = 1;
				LastSwiftUpdateCheck = 1430;
				LastUpgradeCheck = 1430;
				TargetAttributes = {
					3B51DD952B2205B600C757CF = {
						CreatedOnToolsVersion = 14.3.1;
					};
				};
			};
			buildConfigurationList = 3B51DD912B2205B600C757CF /* Build configuration list for PBXProject "SwiftUI_Study" */;
			compatibilityVersion = "Xcode 14.0";
			developmentRegion = en;
			hasScannedForEncodings = 0;
			knownRegions = (
				en,
				Base,
			);
			mainGroup = 3B51DD8D2B2205B600C757CF;
			packageReferences = (
				3B51DDD42B23582200C757CF /* XCRemoteSwiftPackageReference "realm-swift" */,
			);
			productRefGroup = 3B51DD972B2205B600C757CF /* Products */;
			projectDirPath = "";
			projectRoot = "";
			targets = (
				3B51DD952B2205B600C757CF /* SwiftUI_Study */,
			);
		};
/* End PBXProject section */

/* Begin PBXResourcesBuildPhase section */
		3B51DD942B2205B600C757CF /* Resources */ = {
			isa = PBXResourcesBuildPhase;
			buildActionMask = 2147483647;
			files = (
				3B51DDA12B2205B700C757CF /* Preview Assets.xcassets in Resources */,
				3B51DD9E2B2205B700C757CF /* Assets.xcassets in Resources */,
			);
			runOnlyForDeploymentPostprocessing = 0;
		};
/* End PBXResourcesBuildPhase section */

/* Begin PBXSourcesBuildPhase section */
		3B51DD922B2205B600C757CF /* Sources */ = {
			isa = PBXSourcesBuildPhase;
			buildActionMask = 2147483647;
			files = (
				3B51DDC52B2206D800C757CF /* AppStorageView.swift in Sources */,
				08A997D72B341CDA0014F24C /* HeaderViewGeneric.swift in Sources */,
				3B51DD9C2B2205B600C757CF /* ContentView.swift in Sources */,
				08A997CC2B33FBE60014F24C /* EnvironmentViewModel.swift in Sources */,
				3B51DDCB2B2209FB00C757CF /* BindingView.swift in Sources */,
				08789F922B58B692004163D1 /* ViewModel.swift in Sources */,
				3B51DDCF2B221A7A00C757CF /* StateObjectView.swift in Sources */,
				08789F8B2B58AE17004163D1 /* SecondView.swift in Sources */,
				08789F8D2B58AE1C004163D1 /* ThirdView.swift in Sources */,
				08A997CA2B33E54B0014F24C /* EnvironmentObjectView.swift in Sources */,
				08789F892B58AE10004163D1 /* FirstView.swift in Sources */,
				08789F8F2B58AE23004163D1 /* RenderView.swift in Sources */,
				3B51DDCD2B22191700C757CF /* FruitViewModel.swift in Sources */,
				08A997D32B33FDA70014F24C /* FinalView.swift in Sources */,
				08A997D12B33FD520014F24C /* DetailView.swift in Sources */,
				3B51DDC92B2208EB00C757CF /* StateView.swift in Sources */,
				3B51DDC72B22082200C757CF /* FruitModel.swift in Sources */,
				3B51DDD32B23573E00C757CF /* RealmManager.swift in Sources */,
				08A997DA2B341DA40014F24C /* ViewBuilderView.swift in Sources */,
				3B51DD9A2B2205B600C757CF /* SwiftUI_StudyApp.swift in Sources */,
				3B51DDD12B2223FC00C757CF /* RandomScene.swift in Sources */,
				08A997DE2B3576700014F24C /* View + Extension.swift in Sources */,
				08A997DC2B34219A0014F24C /* LocalViewBuilder.swift in Sources */,
			);
			runOnlyForDeploymentPostprocessing = 0;
		};
/* End PBXSourcesBuildPhase section */

/* Begin XCBuildConfiguration section */
		3B51DDB82B2205B800C757CF /* Debug */ = {
			isa = XCBuildConfiguration;
			buildSettings = {
				ALWAYS_SEARCH_USER_PATHS = NO;
				CLANG_ANALYZER_NONNULL = YES;
				CLANG_ANALYZER_NUMBER_OBJECT_CONVERSION = YES_AGGRESSIVE;
				CLANG_CXX_LANGUAGE_STANDARD = "gnu++20";
				CLANG_ENABLE_MODULES = YES;
				CLANG_ENABLE_OBJC_ARC = YES;
				CLANG_ENABLE_OBJC_WEAK = YES;
				CLANG_WARN_BLOCK_CAPTURE_AUTORELEASING = YES;
				CLANG_WARN_BOOL_CONVERSION = YES;
				CLANG_WARN_COMMA = YES;
				CLANG_WARN_CONSTANT_CONVERSION = YES;
				CLANG_WARN_DEPRECATED_OBJC_IMPLEMENTATIONS = YES;
				CLANG_WARN_DIRECT_OBJC_ISA_USAGE = YES_ERROR;
				CLANG_WARN_DOCUMENTATION_COMMENTS = YES;
				CLANG_WARN_EMPTY_BODY = YES;
				CLANG_WARN_ENUM_CONVERSION = YES;
				CLANG_WARN_INFINITE_RECURSION = YES;
				CLANG_WARN_INT_CONVERSION = YES;
				CLANG_WARN_NON_LITERAL_NULL_CONVERSION = YES;
				CLANG_WARN_OBJC_IMPLICIT_RETAIN_SELF = YES;
				CLANG_WARN_OBJC_LITERAL_CONVERSION = YES;
				CLANG_WARN_OBJC_ROOT_CLASS = YES_ERROR;
				CLANG_WARN_QUOTED_INCLUDE_IN_FRAMEWORK_HEADER = YES;
				CLANG_WARN_RANGE_LOOP_ANALYSIS = YES;
				CLANG_WARN_STRICT_PROTOTYPES = YES;
				CLANG_WARN_SUSPICIOUS_MOVE = YES;
				CLANG_WARN_UNGUARDED_AVAILABILITY = YES_AGGRESSIVE;
				CLANG_WARN_UNREACHABLE_CODE = YES;
				CLANG_WARN__DUPLICATE_METHOD_MATCH = YES;
				COPY_PHASE_STRIP = NO;
				DEBUG_INFORMATION_FORMAT = dwarf;
				ENABLE_STRICT_OBJC_MSGSEND = YES;
				ENABLE_TESTABILITY = YES;
				GCC_C_LANGUAGE_STANDARD = gnu11;
				GCC_DYNAMIC_NO_PIC = NO;
				GCC_NO_COMMON_BLOCKS = YES;
				GCC_OPTIMIZATION_LEVEL = 0;
				GCC_PREPROCESSOR_DEFINITIONS = (
					"DEBUG=1",
					"$(inherited)",
				);
				GCC_WARN_64_TO_32_BIT_CONVERSION = YES;
				GCC_WARN_ABOUT_RETURN_TYPE = YES_ERROR;
				GCC_WARN_UNDECLARED_SELECTOR = YES;
				GCC_WARN_UNINITIALIZED_AUTOS = YES_AGGRESSIVE;
				GCC_WARN_UNUSED_FUNCTION = YES;
				GCC_WARN_UNUSED_VARIABLE = YES;
				IPHONEOS_DEPLOYMENT_TARGET = 16.4;
				MTL_ENABLE_DEBUG_INFO = INCLUDE_SOURCE;
				MTL_FAST_MATH = YES;
				ONLY_ACTIVE_ARCH = YES;
				SDKROOT = iphoneos;
				SWIFT_ACTIVE_COMPILATION_CONDITIONS = DEBUG;
				SWIFT_OPTIMIZATION_LEVEL = "-Onone";
			};
			name = Debug;
		};
		3B51DDB92B2205B800C757CF /* Release */ = {
			isa = XCBuildConfiguration;
			buildSettings = {
				ALWAYS_SEARCH_USER_PATHS = NO;
				CLANG_ANALYZER_NONNULL = YES;
				CLANG_ANALYZER_NUMBER_OBJECT_CONVERSION = YES_AGGRESSIVE;
				CLANG_CXX_LANGUAGE_STANDARD = "gnu++20";
				CLANG_ENABLE_MODULES = YES;
				CLANG_ENABLE_OBJC_ARC = YES;
				CLANG_ENABLE_OBJC_WEAK = YES;
				CLANG_WARN_BLOCK_CAPTURE_AUTORELEASING = YES;
				CLANG_WARN_BOOL_CONVERSION = YES;
				CLANG_WARN_COMMA = YES;
				CLANG_WARN_CONSTANT_CONVERSION = YES;
				CLANG_WARN_DEPRECATED_OBJC_IMPLEMENTATIONS = YES;
				CLANG_WARN_DIRECT_OBJC_ISA_USAGE = YES_ERROR;
				CLANG_WARN_DOCUMENTATION_COMMENTS = YES;
				CLANG_WARN_EMPTY_BODY = YES;
				CLANG_WARN_ENUM_CONVERSION = YES;
				CLANG_WARN_INFINITE_RECURSION = YES;
				CLANG_WARN_INT_CONVERSION = YES;
				CLANG_WARN_NON_LITERAL_NULL_CONVERSION = YES;
				CLANG_WARN_OBJC_IMPLICIT_RETAIN_SELF = YES;
				CLANG_WARN_OBJC_LITERAL_CONVERSION = YES;
				CLANG_WARN_OBJC_ROOT_CLASS = YES_ERROR;
				CLANG_WARN_QUOTED_INCLUDE_IN_FRAMEWORK_HEADER = YES;
				CLANG_WARN_RANGE_LOOP_ANALYSIS = YES;
				CLANG_WARN_STRICT_PROTOTYPES = YES;
				CLANG_WARN_SUSPICIOUS_MOVE = YES;
				CLANG_WARN_UNGUARDED_AVAILABILITY = YES_AGGRESSIVE;
				CLANG_WARN_UNREACHABLE_CODE = YES;
				CLANG_WARN__DUPLICATE_METHOD_MATCH = YES;
				COPY_PHASE_STRIP = NO;
				DEBUG_INFORMATION_FORMAT = "dwarf-with-dsym";
				ENABLE_NS_ASSERTIONS = NO;
				ENABLE_STRICT_OBJC_MSGSEND = YES;
				GCC_C_LANGUAGE_STANDARD = gnu11;
				GCC_NO_COMMON_BLOCKS = YES;
				GCC_WARN_64_TO_32_BIT_CONVERSION = YES;
				GCC_WARN_ABOUT_RETURN_TYPE = YES_ERROR;
				GCC_WARN_UNDECLARED_SELECTOR = YES;
				GCC_WARN_UNINITIALIZED_AUTOS = YES_AGGRESSIVE;
				GCC_WARN_UNUSED_FUNCTION = YES;
				GCC_WARN_UNUSED_VARIABLE = YES;
				IPHONEOS_DEPLOYMENT_TARGET = 16.4;
				MTL_ENABLE_DEBUG_INFO = NO;
				MTL_FAST_MATH = YES;
				SDKROOT = iphoneos;
				SWIFT_COMPILATION_MODE = wholemodule;
				SWIFT_OPTIMIZATION_LEVEL = "-O";
				VALIDATE_PRODUCT = YES;
			};
			name = Release;
		};
		3B51DDBB2B2205B800C757CF /* Debug */ = {
			isa = XCBuildConfiguration;
			buildSettings = {
				ASSETCATALOG_COMPILER_APPICON_NAME = AppIcon;
				ASSETCATALOG_COMPILER_GLOBAL_ACCENT_COLOR_NAME = AccentColor;
				CODE_SIGN_STYLE = Automatic;
				CURRENT_PROJECT_VERSION = 1;
				DEVELOPMENT_ASSET_PATHS = "\"SwiftUI_Study/Preview Content\"";
				DEVELOPMENT_TEAM = UKU2UB96JP;
				ENABLE_PREVIEWS = YES;
				GENERATE_INFOPLIST_FILE = YES;
				INFOPLIST_KEY_UIApplicationSceneManifest_Generation = YES;
				INFOPLIST_KEY_UIApplicationSupportsIndirectInputEvents = YES;
				INFOPLIST_KEY_UILaunchScreen_Generation = YES;
				INFOPLIST_KEY_UISupportedInterfaceOrientations_iPad = "UIInterfaceOrientationPortrait UIInterfaceOrientationPortraitUpsideDown UIInterfaceOrientationLandscapeLeft UIInterfaceOrientationLandscapeRight";
				INFOPLIST_KEY_UISupportedInterfaceOrientations_iPhone = "UIInterfaceOrientationPortrait UIInterfaceOrientationLandscapeLeft UIInterfaceOrientationLandscapeRight";
				LD_RUNPATH_SEARCH_PATHS = (
					"$(inherited)",
					"@executable_path/Frameworks",
				);
				MARKETING_VERSION = 1.0;
				PRODUCT_BUNDLE_IDENTIFIER = "zoe.SwiftUI-Study";
				PRODUCT_NAME = "$(TARGET_NAME)";
				SWIFT_EMIT_LOC_STRINGS = YES;
				SWIFT_VERSION = 5.0;
				TARGETED_DEVICE_FAMILY = "1,2";
			};
			name = Debug;
		};
		3B51DDBC2B2205B800C757CF /* Release */ = {
			isa = XCBuildConfiguration;
			buildSettings = {
				ASSETCATALOG_COMPILER_APPICON_NAME = AppIcon;
				ASSETCATALOG_COMPILER_GLOBAL_ACCENT_COLOR_NAME = AccentColor;
				CODE_SIGN_STYLE = Automatic;
				CURRENT_PROJECT_VERSION = 1;
				DEVELOPMENT_ASSET_PATHS = "\"SwiftUI_Study/Preview Content\"";
				DEVELOPMENT_TEAM = UKU2UB96JP;
				ENABLE_PREVIEWS = YES;
				GENERATE_INFOPLIST_FILE = YES;
				INFOPLIST_KEY_UIApplicationSceneManifest_Generation = YES;
				INFOPLIST_KEY_UIApplicationSupportsIndirectInputEvents = YES;
				INFOPLIST_KEY_UILaunchScreen_Generation = YES;
				INFOPLIST_KEY_UISupportedInterfaceOrientations_iPad = "UIInterfaceOrientationPortrait UIInterfaceOrientationPortraitUpsideDown UIInterfaceOrientationLandscapeLeft UIInterfaceOrientationLandscapeRight";
				INFOPLIST_KEY_UISupportedInterfaceOrientations_iPhone = "UIInterfaceOrientationPortrait UIInterfaceOrientationLandscapeLeft UIInterfaceOrientationLandscapeRight";
				LD_RUNPATH_SEARCH_PATHS = (
					"$(inherited)",
					"@executable_path/Frameworks",
				);
				MARKETING_VERSION = 1.0;
				PRODUCT_BUNDLE_IDENTIFIER = "zoe.SwiftUI-Study";
				PRODUCT_NAME = "$(TARGET_NAME)";
				SWIFT_EMIT_LOC_STRINGS = YES;
				SWIFT_VERSION = 5.0;
				TARGETED_DEVICE_FAMILY = "1,2";
			};
			name = Release;
		};
/* End XCBuildConfiguration section */

/* Begin XCConfigurationList section */
		3B51DD912B2205B600C757CF /* Build configuration list for PBXProject "SwiftUI_Study" */ = {
			isa = XCConfigurationList;
			buildConfigurations = (
				3B51DDB82B2205B800C757CF /* Debug */,
				3B51DDB92B2205B800C757CF /* Release */,
			);
			defaultConfigurationIsVisible = 0;
			defaultConfigurationName = Release;
		};
		3B51DDBA2B2205B800C757CF /* Build configuration list for PBXNativeTarget "SwiftUI_Study" */ = {
			isa = XCConfigurationList;
			buildConfigurations = (
				3B51DDBB2B2205B800C757CF /* Debug */,
				3B51DDBC2B2205B800C757CF /* Release */,
			);
			defaultConfigurationIsVisible = 0;
			defaultConfigurationName = Release;
		};
/* End XCConfigurationList section */

/* Begin XCRemoteSwiftPackageReference section */
		3B51DDD42B23582200C757CF /* XCRemoteSwiftPackageReference "realm-swift" */ = {
			isa = XCRemoteSwiftPackageReference;
			repositoryURL = "https://github.com/realm/realm-swift.git";
			requirement = {
				branch = master;
				kind = branch;
			};
		};
/* End XCRemoteSwiftPackageReference section */

/* Begin XCSwiftPackageProductDependency section */
		3B51DDD52B23582200C757CF /* Realm */ = {
			isa = XCSwiftPackageProductDependency;
			package = 3B51DDD42B23582200C757CF /* XCRemoteSwiftPackageReference "realm-swift" */;
			productName = Realm;
		};
		3B51DDD72B23582200C757CF /* RealmSwift */ = {
			isa = XCSwiftPackageProductDependency;
			package = 3B51DDD42B23582200C757CF /* XCRemoteSwiftPackageReference "realm-swift" */;
			productName = RealmSwift;
		};
/* End XCSwiftPackageProductDependency section */
	};
	rootObject = 3B51DD8E2B2205B600C757CF /* Project object */;
}
