// !$*UTF8*$!
{
	archiveVersion = 1;
	classes = {
	};
	objectVersion = 56;
	objects = {

/* Begin PBXBuildFile section */
		3B51DD9A2B2205B600C757CF /* SwiftUI_StudyApp.swift in Sources */ = {isa = PBXBuildFile; fileRef = 3B51DD992B2205B600C757CF /* SwiftUI_StudyApp.swift */; };
		3B51DD9C2B2205B600C757CF /* ContentView.swift in Sources */ = {isa = PBXBuildFile; fileRef = 3B51DD9B2B2205B600C757CF /* ContentView.swift */; };
		3B51DD9E2B2205B700C757CF /* Assets.xcassets in Resources */ = {isa = PBXBuildFile; fileRef = 3B51DD9D2B2205B700C757CF /* Assets.xcassets */; };
		3B51DDA12B2205B700C757CF /* Preview Assets.xcassets in Resources */ = {isa = PBXBuildFile; fileRef = 3B51DDA02B2205B700C757CF /* Preview Assets.xcassets */; };
		3B51DDAB2B2205B800C757CF /* SwiftUI_StudyTests.swift in Sources */ = {isa = PBXBuildFile; fileRef = 3B51DDAA2B2205B800C757CF /* SwiftUI_StudyTests.swift */; };
		3B51DDB52B2205B800C757CF /* SwiftUI_StudyUITests.swift in Sources */ = {isa = PBXBuildFile; fileRef = 3B51DDB42B2205B800C757CF /* SwiftUI_StudyUITests.swift */; };
		3B51DDB72B2205B800C757CF /* SwiftUI_StudyUITestsLaunchTests.swift in Sources */ = {isa = PBXBuildFile; fileRef = 3B51DDB62B2205B800C757CF /* SwiftUI_StudyUITestsLaunchTests.swift */; };
		3B51DDC52B2206D800C757CF /* AppStorageView.swift in Sources */ = {isa = PBXBuildFile; fileRef = 3B51DDC42B2206D800C757CF /* AppStorageView.swift */; };
		3B51DDC72B22082200C757CF /* FruitModel.swift in Sources */ = {isa = PBXBuildFile; fileRef = 3B51DDC62B22082200C757CF /* FruitModel.swift */; };
		3B51DDC92B2208EB00C757CF /* StateView.swift in Sources */ = {isa = PBXBuildFile; fileRef = 3B51DDC82B2208EB00C757CF /* StateView.swift */; };
		3B51DDCB2B2209FB00C757CF /* BindingView.swift in Sources */ = {isa = PBXBuildFile; fileRef = 3B51DDCA2B2209FB00C757CF /* BindingView.swift */; };
		3B51DDCD2B22191700C757CF /* FruitViewModel.swift in Sources */ = {isa = PBXBuildFile; fileRef = 3B51DDCC2B22191700C757CF /* FruitViewModel.swift */; };
		3B51DDCF2B221A7A00C757CF /* ViewModelBootCamp.swift in Sources */ = {isa = PBXBuildFile; fileRef = 3B51DDCE2B221A7A00C757CF /* ViewModelBootCamp.swift */; };
		3B51DDD12B2223FC00C757CF /* RandomScene.swift in Sources */ = {isa = PBXBuildFile; fileRef = 3B51DDD02B2223FC00C757CF /* RandomScene.swift */; };
/* End PBXBuildFile section */

/* Begin PBXContainerItemProxy section */
		3B51DDA72B2205B800C757CF /* PBXContainerItemProxy */ = {
			isa = PBXContainerItemProxy;
			containerPortal = 3B51DD8E2B2205B600C757CF /* Project object */;
			proxyType = 1;
			remoteGlobalIDString = 3B51DD952B2205B600C757CF;
			remoteInfo = SwiftUI_Study;
		};
		3B51DDB12B2205B800C757CF /* PBXContainerItemProxy */ = {
			isa = PBXContainerItemProxy;
			containerPortal = 3B51DD8E2B2205B600C757CF /* Project object */;
			proxyType = 1;
			remoteGlobalIDString = 3B51DD952B2205B600C757CF;
			remoteInfo = SwiftUI_Study;
		};
/* End PBXContainerItemProxy section */

/* Begin PBXFileReference section */
		3B51DD962B2205B600C757CF /* SwiftUI_Study.app */ = {isa = PBXFileReference; explicitFileType = wrapper.application; includeInIndex = 0; path = SwiftUI_Study.app; sourceTree = BUILT_PRODUCTS_DIR; };
		3B51DD992B2205B600C757CF /* SwiftUI_StudyApp.swift */ = {isa = PBXFileReference; lastKnownFileType = sourcecode.swift; path = SwiftUI_StudyApp.swift; sourceTree = "<group>"; };
		3B51DD9B2B2205B600C757CF /* ContentView.swift */ = {isa = PBXFileReference; lastKnownFileType = sourcecode.swift; path = ContentView.swift; sourceTree = "<group>"; };
		3B51DD9D2B2205B700C757CF /* Assets.xcassets */ = {isa = PBXFileReference; lastKnownFileType = folder.assetcatalog; path = Assets.xcassets; sourceTree = "<group>"; };
		3B51DDA02B2205B700C757CF /* Preview Assets.xcassets */ = {isa = PBXFileReference; lastKnownFileType = folder.assetcatalog; path = "Preview Assets.xcassets"; sourceTree = "<group>"; };
		3B51DDA62B2205B800C757CF /* SwiftUI_StudyTests.xctest */ = {isa = PBXFileReference; explicitFileType = wrapper.cfbundle; includeInIndex = 0; path = SwiftUI_StudyTests.xctest; sourceTree = BUILT_PRODUCTS_DIR; };
		3B51DDAA2B2205B800C757CF /* SwiftUI_StudyTests.swift */ = {isa = PBXFileReference; lastKnownFileType = sourcecode.swift; path = SwiftUI_StudyTests.swift; sourceTree = "<group>"; };
		3B51DDB02B2205B800C757CF /* SwiftUI_StudyUITests.xctest */ = {isa = PBXFileReference; explicitFileType = wrapper.cfbundle; includeInIndex = 0; path = SwiftUI_StudyUITests.xctest; sourceTree = BUILT_PRODUCTS_DIR; };
		3B51DDB42B2205B800C757CF /* SwiftUI_StudyUITests.swift */ = {isa = PBXFileReference; lastKnownFileType = sourcecode.swift; path = SwiftUI_StudyUITests.swift; sourceTree = "<group>"; };
		3B51DDB62B2205B800C757CF /* SwiftUI_StudyUITestsLaunchTests.swift */ = {isa = PBXFileReference; lastKnownFileType = sourcecode.swift; path = SwiftUI_StudyUITestsLaunchTests.swift; sourceTree = "<group>"; };
		3B51DDC42B2206D800C757CF /* AppStorageView.swift */ = {isa = PBXFileReference; lastKnownFileType = sourcecode.swift; path = AppStorageView.swift; sourceTree = "<group>"; };
		3B51DDC62B22082200C757CF /* FruitModel.swift */ = {isa = PBXFileReference; lastKnownFileType = sourcecode.swift; path = FruitModel.swift; sourceTree = "<group>"; };
		3B51DDC82B2208EB00C757CF /* StateView.swift */ = {isa = PBXFileReference; lastKnownFileType = sourcecode.swift; path = StateView.swift; sourceTree = "<group>"; };
		3B51DDCA2B2209FB00C757CF /* BindingView.swift */ = {isa = PBXFileReference; lastKnownFileType = sourcecode.swift; path = BindingView.swift; sourceTree = "<group>"; };
		3B51DDCC2B22191700C757CF /* FruitViewModel.swift */ = {isa = PBXFileReference; lastKnownFileType = sourcecode.swift; path = FruitViewModel.swift; sourceTree = "<group>"; };
		3B51DDCE2B221A7A00C757CF /* ViewModelBootCamp.swift */ = {isa = PBXFileReference; lastKnownFileType = sourcecode.swift; path = ViewModelBootCamp.swift; sourceTree = "<group>"; };
		3B51DDD02B2223FC00C757CF /* RandomScene.swift */ = {isa = PBXFileReference; lastKnownFileType = sourcecode.swift; path = RandomScene.swift; sourceTree = "<group>"; };
/* End PBXFileReference section */

/* Begin PBXFrameworksBuildPhase section */
		3B51DD932B2205B600C757CF /* Frameworks */ = {
			isa = PBXFrameworksBuildPhase;
			buildActionMask = 2147483647;
			files = (
			);
			runOnlyForDeploymentPostprocessing = 0;
		};
		3B51DDA32B2205B800C757CF /* Frameworks */ = {
			isa = PBXFrameworksBuildPhase;
			buildActionMask = 2147483647;
			files = (
			);
			runOnlyForDeploymentPostprocessing = 0;
		};
		3B51DDAD2B2205B800C757CF /* Frameworks */ = {
			isa = PBXFrameworksBuildPhase;
			buildActionMask = 2147483647;
			files = (
			);
			runOnlyForDeploymentPostprocessing = 0;
		};
/* End PBXFrameworksBuildPhase section */

/* Begin PBXGroup section */
		3B51DD8D2B2205B600C757CF = {
			isa = PBXGroup;
			children = (
				3B51DD982B2205B600C757CF /* SwiftUI_Study */,
				3B51DDA92B2205B800C757CF /* SwiftUI_StudyTests */,
				3B51DDB32B2205B800C757CF /* SwiftUI_StudyUITests */,
				3B51DD972B2205B600C757CF /* Products */,
			);
			sourceTree = "<group>";
		};
		3B51DD972B2205B600C757CF /* Products */ = {
			isa = PBXGroup;
			children = (
				3B51DD962B2205B600C757CF /* SwiftUI_Study.app */,
				3B51DDA62B2205B800C757CF /* SwiftUI_StudyTests.xctest */,
				3B51DDB02B2205B800C757CF /* SwiftUI_StudyUITests.xctest */,
			);
			name = Products;
			sourceTree = "<group>";
		};
		3B51DD982B2205B600C757CF /* SwiftUI_Study */ = {
			isa = PBXGroup;
			children = (
				3B51DD992B2205B600C757CF /* SwiftUI_StudyApp.swift */,
				3B51DD9B2B2205B600C757CF /* ContentView.swift */,
				3B51DDCC2B22191700C757CF /* FruitViewModel.swift */,
				3B51DDC62B22082200C757CF /* FruitModel.swift */,
				3B51DDC32B2206AD00C757CF /* PropertyWrapperView */,
				3B51DD9D2B2205B700C757CF /* Assets.xcassets */,
				3B51DD9F2B2205B700C757CF /* Preview Content */,
			);
			path = SwiftUI_Study;
			sourceTree = "<group>";
		};
		3B51DD9F2B2205B700C757CF /* Preview Content */ = {
			isa = PBXGroup;
			children = (
				3B51DDA02B2205B700C757CF /* Preview Assets.xcassets */,
				3B51DDCA2B2209FB00C757CF /* BindingView.swift */,
			);
			path = "Preview Content";
			sourceTree = "<group>";
		};
		3B51DDA92B2205B800C757CF /* SwiftUI_StudyTests */ = {
			isa = PBXGroup;
			children = (
				3B51DDAA2B2205B800C757CF /* SwiftUI_StudyTests.swift */,
			);
			path = SwiftUI_StudyTests;
			sourceTree = "<group>";
		};
		3B51DDB32B2205B800C757CF /* SwiftUI_StudyUITests */ = {
			isa = PBXGroup;
			children = (
				3B51DDB42B2205B800C757CF /* SwiftUI_StudyUITests.swift */,
				3B51DDB62B2205B800C757CF /* SwiftUI_StudyUITestsLaunchTests.swift */,
			);
			path = SwiftUI_StudyUITests;
			sourceTree = "<group>";
		};
		3B51DDC32B2206AD00C757CF /* PropertyWrapperView */ = {
			isa = PBXGroup;
			children = (
				3B51DDC42B2206D800C757CF /* AppStorageView.swift */,
				3B51DDC82B2208EB00C757CF /* StateView.swift */,
				3B51DDCE2B221A7A00C757CF /* ViewModelBootCamp.swift */,
				3B51DDD02B2223FC00C757CF /* RandomScene.swift */,
			);
			path = PropertyWrapperView;
			sourceTree = "<group>";
		};
/* End PBXGroup section */

/* Begin PBXNativeTarget section */
		3B51DD952B2205B600C757CF /* SwiftUI_Study */ = {
			isa = PBXNativeTarget;
			buildConfigurationList = 3B51DDBA2B2205B800C757CF /* Build configuration list for PBXNativeTarget "SwiftUI_Study" */;
			buildPhases = (
				3B51DD922B2205B600C757CF /* Sources */,
				3B51DD932B2205B600C757CF /* Frameworks */,
				3B51DD942B2205B600C757CF /* Resources */,
			);
			buildRules = (
			);
			dependencies = (
			);
			name = SwiftUI_Study;
			productName = SwiftUI_Study;
			productReference = 3B51DD962B2205B600C757CF /* SwiftUI_Study.app */;
			productType = "com.apple.product-type.application";
		};
		3B51DDA52B2205B800C757CF /* SwiftUI_StudyTests */ = {
			isa = PBXNativeTarget;
			buildConfigurationList = 3B51DDBD2B2205B800C757CF /* Build configuration list for PBXNativeTarget "SwiftUI_StudyTests" */;
			buildPhases = (
				3B51DDA22B2205B800C757CF /* Sources */,
				3B51DDA32B2205B800C757CF /* Frameworks */,
				3B51DDA42B2205B800C757CF /* Resources */,
			);
			buildRules = (
			);
			dependencies = (
				3B51DDA82B2205B800C757CF /* PBXTargetDependency */,
			);
			name = SwiftUI_StudyTests;
			productName = SwiftUI_StudyTests;
			productReference = 3B51DDA62B2205B800C757CF /* SwiftUI_StudyTests.xctest */;
			productType = "com.apple.product-type.bundle.unit-test";
		};
		3B51DDAF2B2205B800C757CF /* SwiftUI_StudyUITests */ = {
			isa = PBXNativeTarget;
			buildConfigurationList = 3B51DDC02B2205B800C757CF /* Build configuration list for PBXNativeTarget "SwiftUI_StudyUITests" */;
			buildPhases = (
				3B51DDAC2B2205B800C757CF /* Sources */,
				3B51DDAD2B2205B800C757CF /* Frameworks */,
				3B51DDAE2B2205B800C757CF /* Resources */,
			);
			buildRules = (
			);
			dependencies = (
				3B51DDB22B2205B800C757CF /* PBXTargetDependency */,
			);
			name = SwiftUI_StudyUITests;
			productName = SwiftUI_StudyUITests;
			productReference = 3B51DDB02B2205B800C757CF /* SwiftUI_StudyUITests.xctest */;
			productType = "com.apple.product-type.bundle.ui-testing";
		};
/* End PBXNativeTarget section */

/* Begin PBXProject section */
		3B51DD8E2B2205B600C757CF /* Project object */ = {
			isa = PBXProject;
			attributes = {
				BuildIndependentTargetsInParallel = 1;
				LastSwiftUpdateCheck = 1430;
				LastUpgradeCheck = 1430;
				TargetAttributes = {
					3B51DD952B2205B600C757CF = {
						CreatedOnToolsVersion = 14.3.1;
					};
					3B51DDA52B2205B800C757CF = {
						CreatedOnToolsVersion = 14.3.1;
						TestTargetID = 3B51DD952B2205B600C757CF;
					};
					3B51DDAF2B2205B800C757CF = {
						CreatedOnToolsVersion = 14.3.1;
						TestTargetID = 3B51DD952B2205B600C757CF;
					};
				};
			};
			buildConfigurationList = 3B51DD912B2205B600C757CF /* Build configuration list for PBXProject "SwiftUI_Study" */;
			compatibilityVersion = "Xcode 14.0";
			developmentRegion = en;
			hasScannedForEncodings = 0;
			knownRegions = (
				en,
				Base,
			);
			mainGroup = 3B51DD8D2B2205B600C757CF;
			productRefGroup = 3B51DD972B2205B600C757CF /* Products */;
			projectDirPath = "";
			projectRoot = "";
			targets = (
				3B51DD952B2205B600C757CF /* SwiftUI_Study */,
				3B51DDA52B2205B800C757CF /* SwiftUI_StudyTests */,
				3B51DDAF2B2205B800C757CF /* SwiftUI_StudyUITests */,
			);
		};
/* End PBXProject section */

/* Begin PBXResourcesBuildPhase section */
		3B51DD942B2205B600C757CF /* Resources */ = {
			isa = PBXResourcesBuildPhase;
			buildActionMask = 2147483647;
			files = (
				3B51DDA12B2205B700C757CF /* Preview Assets.xcassets in Resources */,
				3B51DD9E2B2205B700C757CF /* Assets.xcassets in Resources */,
			);
			runOnlyForDeploymentPostprocessing = 0;
		};
		3B51DDA42B2205B800C757CF /* Resources */ = {
			isa = PBXResourcesBuildPhase;
			buildActionMask = 2147483647;
			files = (
			);
			runOnlyForDeploymentPostprocessing = 0;
		};
		3B51DDAE2B2205B800C757CF /* Resources */ = {
			isa = PBXResourcesBuildPhase;
			buildActionMask = 2147483647;
			files = (
			);
			runOnlyForDeploymentPostprocessing = 0;
		};
/* End PBXResourcesBuildPhase section */

/* Begin PBXSourcesBuildPhase section */
		3B51DD922B2205B600C757CF /* Sources */ = {
			isa = PBXSourcesBuildPhase;
			buildActionMask = 2147483647;
			files = (
				3B51DDC52B2206D800C757CF /* AppStorageView.swift in Sources */,
				3B51DD9C2B2205B600C757CF /* ContentView.swift in Sources */,
				3B51DDCB2B2209FB00C757CF /* BindingView.swift in Sources */,
				3B51DDCF2B221A7A00C757CF /* ViewModelBootCamp.swift in Sources */,
				3B51DDCD2B22191700C757CF /* FruitViewModel.swift in Sources */,
				3B51DDC92B2208EB00C757CF /* StateView.swift in Sources */,
				3B51DDC72B22082200C757CF /* FruitModel.swift in Sources */,
				3B51DD9A2B2205B600C757CF /* SwiftUI_StudyApp.swift in Sources */,
				3B51DDD12B2223FC00C757CF /* RandomScene.swift in Sources */,
			);
			runOnlyForDeploymentPostprocessing = 0;
		};
		3B51DDA22B2205B800C757CF /* Sources */ = {
			isa = PBXSourcesBuildPhase;
			buildActionMask = 2147483647;
			files = (
				3B51DDAB2B2205B800C757CF /* SwiftUI_StudyTests.swift in Sources */,
			);
			runOnlyForDeploymentPostprocessing = 0;
		};
		3B51DDAC2B2205B800C757CF /* Sources */ = {
			isa = PBXSourcesBuildPhase;
			buildActionMask = 2147483647;
			files = (
				3B51DDB72B2205B800C757CF /* SwiftUI_StudyUITestsLaunchTests.swift in Sources */,
				3B51DDB52B2205B800C757CF /* SwiftUI_StudyUITests.swift in Sources */,
			);
			runOnlyForDeploymentPostprocessing = 0;
		};
/* End PBXSourcesBuildPhase section */

/* Begin PBXTargetDependency section */
		3B51DDA82B2205B800C757CF /* PBXTargetDependency */ = {
			isa = PBXTargetDependency;
			target = 3B51DD952B2205B600C757CF /* SwiftUI_Study */;
			targetProxy = 3B51DDA72B2205B800C757CF /* PBXContainerItemProxy */;
		};
		3B51DDB22B2205B800C757CF /* PBXTargetDependency */ = {
			isa = PBXTargetDependency;
			target = 3B51DD952B2205B600C757CF /* SwiftUI_Study */;
			targetProxy = 3B51DDB12B2205B800C757CF /* PBXContainerItemProxy */;
		};
/* End PBXTargetDependency section */

/* Begin XCBuildConfiguration section */
		3B51DDB82B2205B800C757CF /* Debug */ = {
			isa = XCBuildConfiguration;
			buildSettings = {
				ALWAYS_SEARCH_USER_PATHS = NO;
				CLANG_ANALYZER_NONNULL = YES;
				CLANG_ANALYZER_NUMBER_OBJECT_CONVERSION = YES_AGGRESSIVE;
				CLANG_CXX_LANGUAGE_STANDARD = "gnu++20";
				CLANG_ENABLE_MODULES = YES;
				CLANG_ENABLE_OBJC_ARC = YES;
				CLANG_ENABLE_OBJC_WEAK = YES;
				CLANG_WARN_BLOCK_CAPTURE_AUTORELEASING = YES;
				CLANG_WARN_BOOL_CONVERSION = YES;
				CLANG_WARN_COMMA = YES;
				CLANG_WARN_CONSTANT_CONVERSION = YES;
				CLANG_WARN_DEPRECATED_OBJC_IMPLEMENTATIONS = YES;
				CLANG_WARN_DIRECT_OBJC_ISA_USAGE = YES_ERROR;
				CLANG_WARN_DOCUMENTATION_COMMENTS = YES;
				CLANG_WARN_EMPTY_BODY = YES;
				CLANG_WARN_ENUM_CONVERSION = YES;
				CLANG_WARN_INFINITE_RECURSION = YES;
				CLANG_WARN_INT_CONVERSION = YES;
				CLANG_WARN_NON_LITERAL_NULL_CONVERSION = YES;
				CLANG_WARN_OBJC_IMPLICIT_RETAIN_SELF = YES;
				CLANG_WARN_OBJC_LITERAL_CONVERSION = YES;
				CLANG_WARN_OBJC_ROOT_CLASS = YES_ERROR;
				CLANG_WARN_QUOTED_INCLUDE_IN_FRAMEWORK_HEADER = YES;
				CLANG_WARN_RANGE_LOOP_ANALYSIS = YES;
				CLANG_WARN_STRICT_PROTOTYPES = YES;
				CLANG_WARN_SUSPICIOUS_MOVE = YES;
				CLANG_WARN_UNGUARDED_AVAILABILITY = YES_AGGRESSIVE;
				CLANG_WARN_UNREACHABLE_CODE = YES;
				CLANG_WARN__DUPLICATE_METHOD_MATCH = YES;
				COPY_PHASE_STRIP = NO;
				DEBUG_INFORMATION_FORMAT = dwarf;
				ENABLE_STRICT_OBJC_MSGSEND = YES;
				ENABLE_TESTABILITY = YES;
				GCC_C_LANGUAGE_STANDARD = gnu11;
				GCC_DYNAMIC_NO_PIC = NO;
				GCC_NO_COMMON_BLOCKS = YES;
				GCC_OPTIMIZATION_LEVEL = 0;
				GCC_PREPROCESSOR_DEFINITIONS = (
					"DEBUG=1",
					"$(inherited)",
				);
				GCC_WARN_64_TO_32_BIT_CONVERSION = YES;
				GCC_WARN_ABOUT_RETURN_TYPE = YES_ERROR;
				GCC_WARN_UNDECLARED_SELECTOR = YES;
				GCC_WARN_UNINITIALIZED_AUTOS = YES_AGGRESSIVE;
				GCC_WARN_UNUSED_FUNCTION = YES;
				GCC_WARN_UNUSED_VARIABLE = YES;
				IPHONEOS_DEPLOYMENT_TARGET = 16.4;
				MTL_ENABLE_DEBUG_INFO = INCLUDE_SOURCE;
				MTL_FAST_MATH = YES;
				ONLY_ACTIVE_ARCH = YES;
				SDKROOT = iphoneos;
				SWIFT_ACTIVE_COMPILATION_CONDITIONS = DEBUG;
				SWIFT_OPTIMIZATION_LEVEL = "-Onone";
			};
			name = Debug;
		};
		3B51DDB92B2205B800C757CF /* Release */ = {
			isa = XCBuildConfiguration;
			buildSettings = {
				ALWAYS_SEARCH_USER_PATHS = NO;
				CLANG_ANALYZER_NONNULL = YES;
				CLANG_ANALYZER_NUMBER_OBJECT_CONVERSION = YES_AGGRESSIVE;
				CLANG_CXX_LANGUAGE_STANDARD = "gnu++20";
				CLANG_ENABLE_MODULES = YES;
				CLANG_ENABLE_OBJC_ARC = YES;
				CLANG_ENABLE_OBJC_WEAK = YES;
				CLANG_WARN_BLOCK_CAPTURE_AUTORELEASING = YES;
				CLANG_WARN_BOOL_CONVERSION = YES;
				CLANG_WARN_COMMA = YES;
				CLANG_WARN_CONSTANT_CONVERSION = YES;
				CLANG_WARN_DEPRECATED_OBJC_IMPLEMENTATIONS = YES;
				CLANG_WARN_DIRECT_OBJC_ISA_USAGE = YES_ERROR;
				CLANG_WARN_DOCUMENTATION_COMMENTS = YES;
				CLANG_WARN_EMPTY_BODY = YES;
				CLANG_WARN_ENUM_CONVERSION = YES;
				CLANG_WARN_INFINITE_RECURSION = YES;
				CLANG_WARN_INT_CONVERSION = YES;
				CLANG_WARN_NON_LITERAL_NULL_CONVERSION = YES;
				CLANG_WARN_OBJC_IMPLICIT_RETAIN_SELF = YES;
				CLANG_WARN_OBJC_LITERAL_CONVERSION = YES;
				CLANG_WARN_OBJC_ROOT_CLASS = YES_ERROR;
				CLANG_WARN_QUOTED_INCLUDE_IN_FRAMEWORK_HEADER = YES;
				CLANG_WARN_RANGE_LOOP_ANALYSIS = YES;
				CLANG_WARN_STRICT_PROTOTYPES = YES;
				CLANG_WARN_SUSPICIOUS_MOVE = YES;
				CLANG_WARN_UNGUARDED_AVAILABILITY = YES_AGGRESSIVE;
				CLANG_WARN_UNREACHABLE_CODE = YES;
				CLANG_WARN__DUPLICATE_METHOD_MATCH = YES;
				COPY_PHASE_STRIP = NO;
				DEBUG_INFORMATION_FORMAT = "dwarf-with-dsym";
				ENABLE_NS_ASSERTIONS = NO;
				ENABLE_STRICT_OBJC_MSGSEND = YES;
				GCC_C_LANGUAGE_STANDARD = gnu11;
				GCC_NO_COMMON_BLOCKS = YES;
				GCC_WARN_64_TO_32_BIT_CONVERSION = YES;
				GCC_WARN_ABOUT_RETURN_TYPE = YES_ERROR;
				GCC_WARN_UNDECLARED_SELECTOR = YES;
				GCC_WARN_UNINITIALIZED_AUTOS = YES_AGGRESSIVE;
				GCC_WARN_UNUSED_FUNCTION = YES;
				GCC_WARN_UNUSED_VARIABLE = YES;
				IPHONEOS_DEPLOYMENT_TARGET = 16.4;
				MTL_ENABLE_DEBUG_INFO = NO;
				MTL_FAST_MATH = YES;
				SDKROOT = iphoneos;
				SWIFT_COMPILATION_MODE = wholemodule;
				SWIFT_OPTIMIZATION_LEVEL = "-O";
				VALIDATE_PRODUCT = YES;
			};
			name = Release;
		};
		3B51DDBB2B2205B800C757CF /* Debug */ = {
			isa = XCBuildConfiguration;
			buildSettings = {
				ASSETCATALOG_COMPILER_APPICON_NAME = AppIcon;
				ASSETCATALOG_COMPILER_GLOBAL_ACCENT_COLOR_NAME = AccentColor;
				CODE_SIGN_STYLE = Automatic;
				CURRENT_PROJECT_VERSION = 1;
				DEVELOPMENT_ASSET_PATHS = "\"SwiftUI_Study/Preview Content\"";
				DEVELOPMENT_TEAM = UKU2UB96JP;
				ENABLE_PREVIEWS = YES;
				GENERATE_INFOPLIST_FILE = YES;
				INFOPLIST_KEY_UIApplicationSceneManifest_Generation = YES;
				INFOPLIST_KEY_UIApplicationSupportsIndirectInputEvents = YES;
				INFOPLIST_KEY_UILaunchScreen_Generation = YES;
				INFOPLIST_KEY_UISupportedInterfaceOrientations_iPad = "UIInterfaceOrientationPortrait UIInterfaceOrientationPortraitUpsideDown UIInterfaceOrientationLandscapeLeft UIInterfaceOrientationLandscapeRight";
				INFOPLIST_KEY_UISupportedInterfaceOrientations_iPhone = "UIInterfaceOrientationPortrait UIInterfaceOrientationLandscapeLeft UIInterfaceOrientationLandscapeRight";
				LD_RUNPATH_SEARCH_PATHS = (
					"$(inherited)",
					"@executable_path/Frameworks",
				);
				MARKETING_VERSION = 1.0;
				PRODUCT_BUNDLE_IDENTIFIER = "zoe.SwiftUI-Study";
				PRODUCT_NAME = "$(TARGET_NAME)";
				SWIFT_EMIT_LOC_STRINGS = YES;
				SWIFT_VERSION = 5.0;
				TARGETED_DEVICE_FAMILY = "1,2";
			};
			name = Debug;
		};
		3B51DDBC2B2205B800C757CF /* Release */ = {
			isa = XCBuildConfiguration;
			buildSettings = {
				ASSETCATALOG_COMPILER_APPICON_NAME = AppIcon;
				ASSETCATALOG_COMPILER_GLOBAL_ACCENT_COLOR_NAME = AccentColor;
				CODE_SIGN_STYLE = Automatic;
				CURRENT_PROJECT_VERSION = 1;
				DEVELOPMENT_ASSET_PATHS = "\"SwiftUI_Study/Preview Content\"";
				DEVELOPMENT_TEAM = UKU2UB96JP;
				ENABLE_PREVIEWS = YES;
				GENERATE_INFOPLIST_FILE = YES;
				INFOPLIST_KEY_UIApplicationSceneManifest_Generation = YES;
				INFOPLIST_KEY_UIApplicationSupportsIndirectInputEvents = YES;
				INFOPLIST_KEY_UILaunchScreen_Generation = YES;
				INFOPLIST_KEY_UISupportedInterfaceOrientations_iPad = "UIInterfaceOrientationPortrait UIInterfaceOrientationPortraitUpsideDown UIInterfaceOrientationLandscapeLeft UIInterfaceOrientationLandscapeRight";
				INFOPLIST_KEY_UISupportedInterfaceOrientations_iPhone = "UIInterfaceOrientationPortrait UIInterfaceOrientationLandscapeLeft UIInterfaceOrientationLandscapeRight";
				LD_RUNPATH_SEARCH_PATHS = (
					"$(inherited)",
					"@executable_path/Frameworks",
				);
				MARKETING_VERSION = 1.0;
				PRODUCT_BUNDLE_IDENTIFIER = "zoe.SwiftUI-Study";
				PRODUCT_NAME = "$(TARGET_NAME)";
				SWIFT_EMIT_LOC_STRINGS = YES;
				SWIFT_VERSION = 5.0;
				TARGETED_DEVICE_FAMILY = "1,2";
			};
			name = Release;
		};
		3B51DDBE2B2205B800C757CF /* Debug */ = {
			isa = XCBuildConfiguration;
			buildSettings = {
				ALWAYS_EMBED_SWIFT_STANDARD_LIBRARIES = YES;
				BUNDLE_LOADER = "$(TEST_HOST)";
				CODE_SIGN_STYLE = Automatic;
				CURRENT_PROJECT_VERSION = 1;
				DEVELOPMENT_TEAM = UKU2UB96JP;
				GENERATE_INFOPLIST_FILE = YES;
				IPHONEOS_DEPLOYMENT_TARGET = 16.4;
				MARKETING_VERSION = 1.0;
				PRODUCT_BUNDLE_IDENTIFIER = "zoe.SwiftUI-StudyTests";
				PRODUCT_NAME = "$(TARGET_NAME)";
				SWIFT_EMIT_LOC_STRINGS = NO;
				SWIFT_VERSION = 5.0;
				TARGETED_DEVICE_FAMILY = "1,2";
				TEST_HOST = "$(BUILT_PRODUCTS_DIR)/SwiftUI_Study.app/$(BUNDLE_EXECUTABLE_FOLDER_PATH)/SwiftUI_Study";
			};
			name = Debug;
		};
		3B51DDBF2B2205B800C757CF /* Release */ = {
			isa = XCBuildConfiguration;
			buildSettings = {
				ALWAYS_EMBED_SWIFT_STANDARD_LIBRARIES = YES;
				BUNDLE_LOADER = "$(TEST_HOST)";
				CODE_SIGN_STYLE = Automatic;
				CURRENT_PROJECT_VERSION = 1;
				DEVELOPMENT_TEAM = UKU2UB96JP;
				GENERATE_INFOPLIST_FILE = YES;
				IPHONEOS_DEPLOYMENT_TARGET = 16.4;
				MARKETING_VERSION = 1.0;
				PRODUCT_BUNDLE_IDENTIFIER = "zoe.SwiftUI-StudyTests";
				PRODUCT_NAME = "$(TARGET_NAME)";
				SWIFT_EMIT_LOC_STRINGS = NO;
				SWIFT_VERSION = 5.0;
				TARGETED_DEVICE_FAMILY = "1,2";
				TEST_HOST = "$(BUILT_PRODUCTS_DIR)/SwiftUI_Study.app/$(BUNDLE_EXECUTABLE_FOLDER_PATH)/SwiftUI_Study";
			};
			name = Release;
		};
		3B51DDC12B2205B800C757CF /* Debug */ = {
			isa = XCBuildConfiguration;
			buildSettings = {
				ALWAYS_EMBED_SWIFT_STANDARD_LIBRARIES = YES;
				CODE_SIGN_STYLE = Automatic;
				CURRENT_PROJECT_VERSION = 1;
				DEVELOPMENT_TEAM = UKU2UB96JP;
				GENERATE_INFOPLIST_FILE = YES;
				MARKETING_VERSION = 1.0;
				PRODUCT_BUNDLE_IDENTIFIER = "zoe.SwiftUI-StudyUITests";
				PRODUCT_NAME = "$(TARGET_NAME)";
				SWIFT_EMIT_LOC_STRINGS = NO;
				SWIFT_VERSION = 5.0;
				TARGETED_DEVICE_FAMILY = "1,2";
				TEST_TARGET_NAME = SwiftUI_Study;
			};
			name = Debug;
		};
		3B51DDC22B2205B800C757CF /* Release */ = {
			isa = XCBuildConfiguration;
			buildSettings = {
				ALWAYS_EMBED_SWIFT_STANDARD_LIBRARIES = YES;
				CODE_SIGN_STYLE = Automatic;
				CURRENT_PROJECT_VERSION = 1;
				DEVELOPMENT_TEAM = UKU2UB96JP;
				GENERATE_INFOPLIST_FILE = YES;
				MARKETING_VERSION = 1.0;
				PRODUCT_BUNDLE_IDENTIFIER = "zoe.SwiftUI-StudyUITests";
				PRODUCT_NAME = "$(TARGET_NAME)";
				SWIFT_EMIT_LOC_STRINGS = NO;
				SWIFT_VERSION = 5.0;
				TARGETED_DEVICE_FAMILY = "1,2";
				TEST_TARGET_NAME = SwiftUI_Study;
			};
			name = Release;
		};
/* End XCBuildConfiguration section */

/* Begin XCConfigurationList section */
		3B51DD912B2205B600C757CF /* Build configuration list for PBXProject "SwiftUI_Study" */ = {
			isa = XCConfigurationList;
			buildConfigurations = (
				3B51DDB82B2205B800C757CF /* Debug */,
				3B51DDB92B2205B800C757CF /* Release */,
			);
			defaultConfigurationIsVisible = 0;
			defaultConfigurationName = Release;
		};
		3B51DDBA2B2205B800C757CF /* Build configuration list for PBXNativeTarget "SwiftUI_Study" */ = {
			isa = XCConfigurationList;
			buildConfigurations = (
				3B51DDBB2B2205B800C757CF /* Debug */,
				3B51DDBC2B2205B800C757CF /* Release */,
			);
			defaultConfigurationIsVisible = 0;
			defaultConfigurationName = Release;
		};
		3B51DDBD2B2205B800C757CF /* Build configuration list for PBXNativeTarget "SwiftUI_StudyTests" */ = {
			isa = XCConfigurationList;
			buildConfigurations = (
				3B51DDBE2B2205B800C757CF /* Debug */,
				3B51DDBF2B2205B800C757CF /* Release */,
			);
			defaultConfigurationIsVisible = 0;
			defaultConfigurationName = Release;
		};
		3B51DDC02B2205B800C757CF /* Build configuration list for PBXNativeTarget "SwiftUI_StudyUITests" */ = {
			isa = XCConfigurationList;
			buildConfigurations = (
				3B51DDC12B2205B800C757CF /* Debug */,
				3B51DDC22B2205B800C757CF /* Release */,
			);
			defaultConfigurationIsVisible = 0;
			defaultConfigurationName = Release;
		};
/* End XCConfigurationList section */
	};
	rootObject = 3B51DD8E2B2205B600C757CF /* Project object */;
}
